{
  "name": "@service/sp-tasks",
  "version": "1.0.0",
  "lockfileVersion": 1,
  "requires": true,
  "dependencies": {
    "@types/luxon": {
      "version": "3.0.1",
      "resolved": "https://registry.npmjs.org/@types/luxon/-/luxon-3.0.1.tgz",
      "integrity": "sha512-/LAvk1cMOJt0ghzMFrZEvByUhsiEfeeT2IF53Le+Ki3A538yEL9pRZ7a6MuCxdrYK+YNqNIDmrKU/r2nnw04zQ==",
      "dev": true
    },
    "luxon": {
      "version": "3.0.4",
      "resolved": "https://registry.npmjs.org/luxon/-/luxon-3.0.4.tgz",
      "integrity": "sha512-aV48rGUwP/Vydn8HT+5cdr26YYQiUZ42NM6ToMoaGKwYfWbfLeRkEu1wXWMHBZT6+KyLfcbbtVcoQFCbbPjKlw==",
      "dev": true
    },
    "typescript": {
      "version": "4.8.4",
      "resolved": "https://registry.npmjs.org/typescript/-/typescript-4.8.4.tgz",
      "integrity": "sha512-QCh+85mCy+h0IGff8r5XWzOVSbBO+KfeYrMQh7NJ58QujwcE22u+NUSmUxqF+un70P9GXKxa2HCNiTTMJknyjQ==",
      "dev": true
    }
  }
}
